// !$*UTF8*$!
{
	archiveVersion = 1;
	classes = {
	};
	objectVersion = 48;
	objects = {

/* Begin PBXBuildFile section */
		74A429F0204A8E3C00B06B4B /* AppDelegate.m in Sources */ = {isa = PBXBuildFile; fileRef = 74A429EF204A8E3C00B06B4B /* AppDelegate.m */; };
		74A429F3204A8E3C00B06B4B /* ViewController.m in Sources */ = {isa = PBXBuildFile; fileRef = 74A429F2204A8E3C00B06B4B /* ViewController.m */; };
		74A429F6204A8E3C00B06B4B /* Main.storyboard in Resources */ = {isa = PBXBuildFile; fileRef = 74A429F4204A8E3C00B06B4B /* Main.storyboard */; };
		74A429F9204A8E3C00B06B4B /* Example.xcdatamodeld in Sources */ = {isa = PBXBuildFile; fileRef = 74A429F7204A8E3C00B06B4B /* Example.xcdatamodeld */; };
		74A429FB204A8E3C00B06B4B /* Assets.xcassets in Resources */ = {isa = PBXBuildFile; fileRef = 74A429FA204A8E3C00B06B4B /* Assets.xcassets */; };
		74A429FE204A8E3C00B06B4B /* LaunchScreen.storyboard in Resources */ = {isa = PBXBuildFile; fileRef = 74A429FC204A8E3C00B06B4B /* LaunchScreen.storyboard */; };
		74A42A01204A8E3C00B06B4B /* main.m in Sources */ = {isa = PBXBuildFile; fileRef = 74A42A00204A8E3C00B06B4B /* main.m */; };
/* End PBXBuildFile section */

/* Begin PBXFileReference section */
		74A429EB204A8E3C00B06B4B /* Example.app */ = {isa = PBXFileReference; explicitFileType = wrapper.application; includeInIndex = 0; path = Example.app; sourceTree = BUILT_PRODUCTS_DIR; };
		74A429EE204A8E3C00B06B4B /* AppDelegate.h */ = {isa = PBXFileReference; lastKnownFileType = sourcecode.c.h; path = AppDelegate.h; sourceTree = "<group>"; };
		74A429EF204A8E3C00B06B4B /* AppDelegate.m */ = {isa = PBXFileReference; lastKnownFileType = sourcecode.c.objc; path = AppDelegate.m; sourceTree = "<group>"; };
		74A429F1204A8E3C00B06B4B /* ViewController.h */ = {isa = PBXFileReference; lastKnownFileType = sourcecode.c.h; path = ViewController.h; sourceTree = "<group>"; };
		74A429F2204A8E3C00B06B4B /* ViewController.m */ = {isa = PBXFileReference; lastKnownFileType = sourcecode.c.objc; path = ViewController.m; sourceTree = "<group>"; };
		74A429F5204A8E3C00B06B4B /* Base */ = {isa = PBXFileReference; lastKnownFileType = file.storyboard; name = Base; path = Base.lproj/Main.storyboard; sourceTree = "<group>"; };
		74A429F8204A8E3C00B06B4B /* Example.xcdatamodel */ = {isa = PBXFileReference; lastKnownFileType = wrapper.xcdatamodel; path = Example.xcdatamodel; sourceTree = "<group>"; };
		74A429FA204A8E3C00B06B4B /* Assets.xcassets */ = {isa = PBXFileReference; lastKnownFileType = folder.assetcatalog; path = Assets.xcassets; sourceTree = "<group>"; };
		74A429FD204A8E3C00B06B4B /* Base */ = {isa = PBXFileReference; lastKnownFileType = file.storyboard; name = Base; path = Base.lproj/LaunchScreen.storyboard; sourceTree = "<group>"; };
		74A429FF204A8E3C00B06B4B /* Info.plist */ = {isa = PBXFileReference; lastKnownFileType = text.plist.xml; path = Info.plist; sourceTree = "<group>"; };
		74A42A00204A8E3C00B06B4B /* main.m */ = {isa = PBXFileReference; lastKnownFileType = sourcecode.c.objc; path = main.m; sourceTree = "<group>"; };
/* End PBXFileReference section */

/* Begin PBXFrameworksBuildPhase section */
		74A429E8204A8E3C00B06B4B /* Frameworks */ = {
			isa = PBXFrameworksBuildPhase;
			buildActionMask = 2147483647;
			files = (
			);
			runOnlyForDeploymentPostprocessing = 0;
		};
/* End PBXFrameworksBuildPhase section */

/* Begin PBXGroup section */
		74A429E2204A8E3C00B06B4B = {
			isa = PBXGroup;
			children = (
				74A429ED204A8E3C00B06B4B /* Example */,
				74A429EC204A8E3C00B06B4B /* Products */,
			);
			sourceTree = "<group>";
		};
		74A429EC204A8E3C00B06B4B /* Products */ = {
			isa = PBXGroup;
			children = (
				74A429EB204A8E3C00B06B4B /* Example.app */,
			);
			name = Products;
			sourceTree = "<group>";
		};
		74A429ED204A8E3C00B06B4B /* Example */ = {
			isa = PBXGroup;
			children = (
				74A429EE204A8E3C00B06B4B /* AppDelegate.h */,
				74A429EF204A8E3C00B06B4B /* AppDelegate.m */,
				74A429F1204A8E3C00B06B4B /* ViewController.h */,
				74A429F2204A8E3C00B06B4B /* ViewController.m */,
				74A429F4204A8E3C00B06B4B /* Main.storyboard */,
				74A429FA204A8E3C00B06B4B /* Assets.xcassets */,
				74A429FC204A8E3C00B06B4B /* LaunchScreen.storyboard */,
				74A429FF204A8E3C00B06B4B /* Info.plist */,
				74A42A00204A8E3C00B06B4B /* main.m */,
				74A429F7204A8E3C00B06B4B /* Example.xcdatamodeld */,
			);
			path = Example;
			sourceTree = "<group>";
		};
/* End PBXGroup section */

/* Begin PBXNativeTarget section */
		74A429EA204A8E3C00B06B4B /* Example */ = {
			isa = PBXNativeTarget;
			buildConfigurationList = 74A42A04204A8E3C00B06B4B /* Build configuration list for PBXNativeTarget "Example" */;
			buildPhases = (
				74A429E7204A8E3C00B06B4B /* Sources */,
				74A429E8204A8E3C00B06B4B /* Frameworks */,
				74A429E9204A8E3C00B06B4B /* Resources */,
			);
			buildRules = (
			);
			dependencies = (
			);
			name = Example;
			productName = Example;
			productReference = 74A429EB204A8E3C00B06B4B /* Example.app */;
			productType = "com.apple.product-type.application";
		};
/* End PBXNativeTarget section */

/* Begin PBXProject section */
		74A429E3204A8E3C00B06B4B /* Project object */ = {
			isa = PBXProject;
			attributes = {
				LastUpgradeCheck = 0920;
				ORGANIZATIONNAME = "SUZUKI PLAN";
				TargetAttributes = {
					74A429EA204A8E3C00B06B4B = {
						CreatedOnToolsVersion = 9.2;
						ProvisioningStyle = Automatic;
					};
				};
			};
			buildConfigurationList = 74A429E6204A8E3C00B06B4B /* Build configuration list for PBXProject "Example" */;
			compatibilityVersion = "Xcode 8.0";
			developmentRegion = en;
			hasScannedForEncodings = 0;
			knownRegions = (
				en,
				Base,
			);
			mainGroup = 74A429E2204A8E3C00B06B4B;
			productRefGroup = 74A429EC204A8E3C00B06B4B /* Products */;
			projectDirPath = "";
			projectRoot = "";
			targets = (
				74A429EA204A8E3C00B06B4B /* Example */,
			);
		};
/* End PBXProject section */

/* Begin PBXResourcesBuildPhase section */
		74A429E9204A8E3C00B06B4B /* Resources */ = {
			isa = PBXResourcesBuildPhase;
			buildActionMask = 2147483647;
			files = (
				74A429FE204A8E3C00B06B4B /* LaunchScreen.storyboard in Resources */,
				74A429FB204A8E3C00B06B4B /* Assets.xcassets in Resources */,
				74A429F6204A8E3C00B06B4B /* Main.storyboard in Resources */,
			);
			runOnlyForDeploymentPostprocessing = 0;
		};
/* End PBXResourcesBuildPhase section */

/* Begin PBXSourcesBuildPhase section */
		74A429E7204A8E3C00B06B4B /* Sources */ = {
			isa = PBXSourcesBuildPhase;
			buildActionMask = 2147483647;
			files = (
				74A429F3204A8E3C00B06B4B /* ViewController.m in Sources */,
				74A429F9204A8E3C00B06B4B /* Example.xcdatamodeld in Sources */,
				74A42A01204A8E3C00B06B4B /* main.m in Sources */,
				74A429F0204A8E3C00B06B4B /* AppDelegate.m in Sources */,
			);
			runOnlyForDeploymentPostprocessing = 0;
		};
/* End PBXSourcesBuildPhase section */

/* Begin PBXVariantGroup section */
		74A429F4204A8E3C00B06B4B /* Main.storyboard */ = {
			isa = PBXVariantGroup;
			children = (
				74A429F5204A8E3C00B06B4B /* Base */,
			);
			name = Main.storyboard;
			sourceTree = "<group>";
		};
		74A429FC204A8E3C00B06B4B /* LaunchScreen.storyboard */ = {
			isa = PBXVariantGroup;
			children = (
				74A429FD204A8E3C00B06B4B /* Base */,
			);
			name = LaunchScreen.storyboard;
			sourceTree = "<group>";
		};
/* End PBXVariantGroup section */

/* Begin XCBuildConfiguration section */
		74A42A02204A8E3C00B06B4B /* Debug */ = {
			isa = XCBuildConfiguration;
			buildSettings = {
				ALWAYS_SEARCH_USER_PATHS = NO;
				CLANG_ANALYZER_NONNULL = YES;
				CLANG_ANALYZER_NUMBER_OBJECT_CONVERSION = YES_AGGRESSIVE;
				CLANG_CXX_LANGUAGE_STANDARD = "gnu++14";
				CLANG_CXX_LIBRARY = "libc++";
				CLANG_ENABLE_MODULES = YES;
				CLANG_ENABLE_OBJC_ARC = YES;
				CLANG_WARN_BLOCK_CAPTURE_AUTORELEASING = YES;
				CLANG_WARN_BOOL_CONVERSION = YES;
				CLANG_WARN_COMMA = YES;
				CLANG_WARN_CONSTANT_CONVERSION = YES;
				CLANG_WARN_DIRECT_OBJC_ISA_USAGE = YES_ERROR;
				CLANG_WARN_DOCUMENTATION_COMMENTS = YES;
				CLANG_WARN_EMPTY_BODY = YES;
				CLANG_WARN_ENUM_CONVERSION = YES;
				CLANG_WARN_INFINITE_RECURSION = YES;
				CLANG_WARN_INT_CONVERSION = YES;
				CLANG_WARN_NON_LITERAL_NULL_CONVERSION = YES;
				CLANG_WARN_OBJC_LITERAL_CONVERSION = YES;
				CLANG_WARN_OBJC_ROOT_CLASS = YES_ERROR;
				CLANG_WARN_RANGE_LOOP_ANALYSIS = YES;
				CLANG_WARN_STRICT_PROTOTYPES = YES;
				CLANG_WARN_SUSPICIOUS_MOVE = YES;
				CLANG_WARN_UNGUARDED_AVAILABILITY = YES_AGGRESSIVE;
				CLANG_WARN_UNREACHABLE_CODE = YES;
				CLANG_WARN__DUPLICATE_METHOD_MATCH = YES;
				CODE_SIGN_IDENTITY = "iPhone Developer";
				COPY_PHASE_STRIP = NO;
				DEBUG_INFORMATION_FORMAT = dwarf;
				ENABLE_STRICT_OBJC_MSGSEND = YES;
				ENABLE_TESTABILITY = YES;
				GCC_C_LANGUAGE_STANDARD = gnu11;
				GCC_DYNAMIC_NO_PIC = NO;
				GCC_NO_COMMON_BLOCKS = YES;
				GCC_OPTIMIZATION_LEVEL = 0;
				GCC_PREPROCESSOR_DEFINITIONS = (
					"DEBUG=1",
					"$(inherited)",
				);
				GCC_WARN_64_TO_32_BIT_CONVERSION = YES;
				GCC_WARN_ABOUT_RETURN_TYPE = YES_ERROR;
				GCC_WARN_UNDECLARED_SELECTOR = YES;
				GCC_WARN_UNINITIALIZED_AUTOS = YES_AGGRESSIVE;
				GCC_WARN_UNUSED_FUNCTION = YES;
				GCC_WARN_UNUSED_VARIABLE = YES;
				IPHONEOS_DEPLOYMENT_TARGET = 11.2;
				MTL_ENABLE_DEBUG_INFO = YES;
				ONLY_ACTIVE_ARCH = YES;
				SDKROOT = iphoneos;
			};
			name = Debug;
		};
		74A42A03204A8E3C00B06B4B /* Release */ = {
			isa = XCBuildConfiguration;
			buildSettings = {
				ALWAYS_SEARCH_USER_PATHS = NO;
				CLANG_ANALYZER_NONNULL = YES;
				CLANG_ANALYZER_NUMBER_OBJECT_CONVERSION = YES_AGGRESSIVE;
				CLANG_CXX_LANGUAGE_STANDARD = "gnu++14";
				CLANG_CXX_LIBRARY = "libc++";
				CLANG_ENABLE_MODULES = YES;
				CLANG_ENABLE_OBJC_ARC = YES;
				CLANG_WARN_BLOCK_CAPTURE_AUTORELEASING = YES;
				CLANG_WARN_BOOL_CONVERSION = YES;
				CLANG_WARN_COMMA = YES;
				CLANG_WARN_CONSTANT_CONVERSION = YES;
				CLANG_WARN_DIRECT_OBJC_ISA_USAGE = YES_ERROR;
				CLANG_WARN_DOCUMENTATION_COMMENTS = YES;
				CLANG_WARN_EMPTY_BODY = YES;
				CLANG_WARN_ENUM_CONVERSION = YES;
				CLANG_WARN_INFINITE_RECURSION = YES;
				CLANG_WARN_INT_CONVERSION = YES;
				CLANG_WARN_NON_LITERAL_NULL_CONVERSION = YES;
				CLANG_WARN_OBJC_LITERAL_CONVERSION = YES;
				CLANG_WARN_OBJC_ROOT_CLASS = YES_ERROR;
				CLANG_WARN_RANGE_LOOP_ANALYSIS = YES;
				CLANG_WARN_STRICT_PROTOTYPES = YES;
				CLANG_WARN_SUSPICIOUS_MOVE = YES;
				CLANG_WARN_UNGUARDED_AVAILABILITY = YES_AGGRESSIVE;
				CLANG_WARN_UNREACHABLE_CODE = YES;
				CLANG_WARN__DUPLICATE_METHOD_MATCH = YES;
				CODE_SIGN_IDENTITY = "iPhone Developer";
				COPY_PHASE_STRIP = NO;
				DEBUG_INFORMATION_FORMAT = "dwarf-with-dsym";
				ENABLE_NS_ASSERTIONS = NO;
				ENABLE_STRICT_OBJC_MSGSEND = YES;
				GCC_C_LANGUAGE_STANDARD = gnu11;
				GCC_NO_COMMON_BLOCKS = YES;
				GCC_WARN_64_TO_32_BIT_CONVERSION = YES;
				GCC_WARN_ABOUT_RETURN_TYPE = YES_ERROR;
				GCC_WARN_UNDECLARED_SELECTOR = YES;
				GCC_WARN_UNINITIALIZED_AUTOS = YES_AGGRESSIVE;
				GCC_WARN_UNUSED_FUNCTION = YES;
				GCC_WARN_UNUSED_VARIABLE = YES;
				IPHONEOS_DEPLOYMENT_TARGET = 11.2;
				MTL_ENABLE_DEBUG_INFO = NO;
				SDKROOT = iphoneos;
				VALIDATE_PRODUCT = YES;
			};
			name = Release;
		};
		74A42A05204A8E3C00B06B4B /* Debug */ = {
			isa = XCBuildConfiguration;
			buildSettings = {
				ASSETCATALOG_COMPILER_APPICON_NAME = AppIcon;
				CODE_SIGN_STYLE = Automatic;
				INFOPLIST_FILE = Example/Info.plist;
				LD_RUNPATH_SEARCH_PATHS = "$(inherited) @executable_path/Frameworks";
				PRODUCT_BUNDLE_IDENTIFIER = com.suzukiplan.NESView.Example;
				PRODUCT_NAME = "$(TARGET_NAME)";
				TARGETED_DEVICE_FAMILY = "1,2";
			};
			name = Debug;
		};
		74A42A06204A8E3C00B06B4B /* Release */ = {
			isa = XCBuildConfiguration;
			buildSettings = {
				ASSETCATALOG_COMPILER_APPICON_NAME = AppIcon;
				CODE_SIGN_STYLE = Automatic;
				INFOPLIST_FILE = Example/Info.plist;
				LD_RUNPATH_SEARCH_PATHS = "$(inherited) @executable_path/Frameworks";
				PRODUCT_BUNDLE_IDENTIFIER = com.suzukiplan.NESView.Example;
				PRODUCT_NAME = "$(TARGET_NAME)";
				TARGETED_DEVICE_FAMILY = "1,2";
			};
			name = Release;
		};
/* End XCBuildConfiguration section */

/* Begin XCConfigurationList section */
		74A429E6204A8E3C00B06B4B /* Build configuration list for PBXProject "Example" */ = {
			isa = XCConfigurationList;
			buildConfigurations = (
				74A42A02204A8E3C00B06B4B /* Debug */,
				74A42A03204A8E3C00B06B4B /* Release */,
			);
			defaultConfigurationIsVisible = 0;
			defaultConfigurationName = Release;
		};
		74A42A04204A8E3C00B06B4B /* Build configuration list for PBXNativeTarget "Example" */ = {
			isa = XCConfigurationList;
			buildConfigurations = (
				74A42A05204A8E3C00B06B4B /* Debug */,
				74A42A06204A8E3C00B06B4B /* Release */,
			);
			defaultConfigurationIsVisible = 0;
			defaultConfigurationName = Release;
		};
/* End XCConfigurationList section */

/* Begin XCVersionGroup section */
		74A429F7204A8E3C00B06B4B /* Example.xcdatamodeld */ = {
			isa = XCVersionGroup;
			children = (
				74A429F8204A8E3C00B06B4B /* Example.xcdatamodel */,
			);
			currentVersion = 74A429F8204A8E3C00B06B4B /* Example.xcdatamodel */;
			path = Example.xcdatamodeld;
			sourceTree = "<group>";
			versionGroupType = wrapper.xcdatamodel;
		};
/* End XCVersionGroup section */
	};
	rootObject = 74A429E3204A8E3C00B06B4B /* Project object */;
}
